
Microsoft Visual Studio Solution File, Format Version 12.00
# Visual Studio 2012
Project("{FAE04EC0-301F-11D3-BF4B-00C04F79EFBC}") = "Homepwner", "Homepwner.csproj", "{A740DAF7-2047-41AA-96B9-ADC6BA37F27E}"
EndProject
Global
	GlobalSection(SolutionConfigurationPlatforms) = preSolution
		Debug|iPhoneSimulator = Debug|iPhoneSimulator
		Release|iPhone = Release|iPhone
		Release|iPhoneSimulator = Release|iPhoneSimulator
		Debug|iPhone = Debug|iPhone
	EndGlobalSection
	GlobalSection(ProjectConfigurationPlatforms) = postSolution
		{A740DAF7-2047-41AA-96B9-ADC6BA37F27E}.Debug|iPhoneSimulator.ActiveCfg = Debug|iPhoneSimulator
		{A740DAF7-2047-41AA-96B9-ADC6BA37F27E}.Debug|iPhoneSimulator.Build.0 = Debug|iPhoneSimulator
		{A740DAF7-2047-41AA-96B9-ADC6BA37F27E}.Release|iPhone.ActiveCfg = Release|iPhone
		{A740DAF7-2047-41AA-96B9-ADC6BA37F27E}.Release|iPhone.Build.0 = Release|iPhone
		{A740DAF7-2047-41AA-96B9-ADC6BA37F27E}.Release|iPhoneSimulator.ActiveCfg = Release|iPhoneSimulator
		{A740DAF7-2047-41AA-96B9-ADC6BA37F27E}.Release|iPhoneSimulator.Build.0 = Release|iPhoneSimulator
		{A740DAF7-2047-41AA-96B9-ADC6BA37F27E}.Debug|iPhone.ActiveCfg = Debug|iPhone
		{A740DAF7-2047-41AA-96B9-ADC6BA37F27E}.Debug|iPhone.Build.0 = Debug|iPhone
	EndGlobalSection
EndGlobal
